
Microsoft Visual Studio Solution File, Format Version 12.00
# Visual Studio Version 16
VisualStudioVersion = 16.0.31702.278
MinimumVisualStudioVersion = 10.0.40219.1
Project("{9A19103F-16F7-4668-BE54-9A1E7A4F7556}") = "Repository", "Repository\Repository.csproj", "{E8CEB136-F27E-4C8A-8EAA-26D45A191BC5}"
EndProject
Project("{9A19103F-16F7-4668-BE54-9A1E7A4F7556}") = "UI", "UI\UI.csproj", "{858A42DD-50DF-4A4A-8BFF-B03F89BEC8F9}"
EndProject
Global
	GlobalSection(SolutionConfigurationPlatforms) = preSolution
		Debug|Any CPU = Debug|Any CPU
		Release|Any CPU = Release|Any CPU
	EndGlobalSection
	GlobalSection(ProjectConfigurationPlatforms) = postSolution
		{E8CEB136-F27E-4C8A-8EAA-26D45A191BC5}.Debug|Any CPU.ActiveCfg = Debug|Any CPU
		{E8CEB136-F27E-4C8A-8EAA-26D45A191BC5}.Debug|Any CPU.Build.0 = Debug|Any CPU
		{E8CEB136-F27E-4C8A-8EAA-26D45A191BC5}.Release|Any CPU.ActiveCfg = Release|Any CPU
		{E8CEB136-F27E-4C8A-8EAA-26D45A191BC5}.Release|Any CPU.Build.0 = Release|Any CPU
		{858A42DD-50DF-4A4A-8BFF-B03F89BEC8F9}.Debug|Any CPU.ActiveCfg = Debug|Any CPU
		{858A42DD-50DF-4A4A-8BFF-B03F89BEC8F9}.Debug|Any CPU.Build.0 = Debug|Any CPU
		{858A42DD-50DF-4A4A-8BFF-B03F89BEC8F9}.Release|Any CPU.ActiveCfg = Release|Any CPU
		{858A42DD-50DF-4A4A-8BFF-B03F89BEC8F9}.Release|Any CPU.Build.0 = Release|Any CPU
	EndGlobalSection
	GlobalSection(SolutionProperties) = preSolution
		HideSolutionNode = FALSE
	EndGlobalSection
	GlobalSection(ExtensibilityGlobals) = postSolution
		SolutionGuid = {4C5DECCA-0E4D-41D8-A619-E6B18D56A9CE}
	EndGlobalSection
EndGlobal
